
Microsoft Visual Studio Solution File, Format Version 12.00
# Visual Studio Version 17
VisualStudioVersion = 17.12.35514.174 d17.12
MinimumVisualStudioVersion = 10.0.40219.1
Project("{F184B08F-C81C-45F6-A57F-5ABD9991F28F}") = "KCA result slip", "KCA result slip\KCA result slip.vbproj", "{4F8D5FE8-7C39-4C45-8645-F3DDA35D632C}"
EndProject
Global
	GlobalSection(SolutionConfigurationPlatforms) = preSolution
		Debug|Any CPU = Debug|Any CPU
		Release|Any CPU = Release|Any CPU
	EndGlobalSection
	GlobalSection(ProjectConfigurationPlatforms) = postSolution
		{4F8D5FE8-7C39-4C45-8645-F3DDA35D632C}.Debug|Any CPU.ActiveCfg = Debug|Any CPU
		{4F8D5FE8-7C39-4C45-8645-F3DDA35D632C}.Debug|Any CPU.Build.0 = Debug|Any CPU
		{4F8D5FE8-7C39-4C45-8645-F3DDA35D632C}.Release|Any CPU.ActiveCfg = Release|Any CPU
		{4F8D5FE8-7C39-4C45-8645-F3DDA35D632C}.Release|Any CPU.Build.0 = Release|Any CPU
	EndGlobalSection
	GlobalSection(SolutionProperties) = preSolution
		HideSolutionNode = FALSE
	EndGlobalSection
EndGlobal
